
Microsoft Visual Studio Solution File, Format Version 12.00
# Visual Studio Version 16
VisualStudioVersion = 16.0.31613.86
MinimumVisualStudioVersion = 10.0.40219.1
Project("{FAE04EC0-301F-11D3-BF4B-00C04F79EFBC}") = "DailyList", "DailyList\DailyList.csproj", "{29E97DF4-32CA-436A-98A8-780F81456BDB}"
EndProject
Global
	GlobalSection(SolutionConfigurationPlatforms) = preSolution
		Debug|Any CPU = Debug|Any CPU
		Release|Any CPU = Release|Any CPU
	EndGlobalSection
	GlobalSection(ProjectConfigurationPlatforms) = postSolution
		{29E97DF4-32CA-436A-98A8-780F81456BDB}.Debug|Any CPU.ActiveCfg = Debug|Any CPU
		{29E97DF4-32CA-436A-98A8-780F81456BDB}.Debug|Any CPU.Build.0 = Debug|Any CPU
		{29E97DF4-32CA-436A-98A8-780F81456BDB}.Release|Any CPU.ActiveCfg = Release|Any CPU
		{29E97DF4-32CA-436A-98A8-780F81456BDB}.Release|Any CPU.Build.0 = Release|Any CPU
	EndGlobalSection
	GlobalSection(SolutionProperties) = preSolution
		HideSolutionNode = FALSE
	EndGlobalSection
	GlobalSection(ExtensibilityGlobals) = postSolution
		SolutionGuid = {013220FD-053E-4E89-8E47-B70E8ABD1B84}
	EndGlobalSection
EndGlobal
