
Microsoft Visual Studio Solution File, Format Version 12.00
# Visual Studio Version 16
VisualStudioVersion = 16.0.31613.86
MinimumVisualStudioVersion = 10.0.40219.1
Project("{FAE04EC0-301F-11D3-BF4B-00C04F79EFBC}") = "DailyList", "DailyList\DailyList.csproj", "{06D801DC-100B-4340-8243-9929870CD9D5}"
EndProject
Project("{54435603-DBB4-11D2-8724-00A0C9A8B90C}") = "Setup", "Setup\Setup.vdproj", "{218E5DE3-715F-43A7-BEF7-470F956DBE40}"
EndProject
Global
	GlobalSection(SolutionConfigurationPlatforms) = preSolution
		Debug|Any CPU = Debug|Any CPU
		Release|Any CPU = Release|Any CPU
	EndGlobalSection
	GlobalSection(ProjectConfigurationPlatforms) = postSolution
		{06D801DC-100B-4340-8243-9929870CD9D5}.Debug|Any CPU.ActiveCfg = Release|Any CPU
		{06D801DC-100B-4340-8243-9929870CD9D5}.Debug|Any CPU.Build.0 = Release|Any CPU
		{06D801DC-100B-4340-8243-9929870CD9D5}.Release|Any CPU.ActiveCfg = Release|Any CPU
		{06D801DC-100B-4340-8243-9929870CD9D5}.Release|Any CPU.Build.0 = Release|Any CPU
		{218E5DE3-715F-43A7-BEF7-470F956DBE40}.Debug|Any CPU.ActiveCfg = Release
		{218E5DE3-715F-43A7-BEF7-470F956DBE40}.Release|Any CPU.ActiveCfg = Release
	EndGlobalSection
	GlobalSection(SolutionProperties) = preSolution
		HideSolutionNode = FALSE
	EndGlobalSection
	GlobalSection(ExtensibilityGlobals) = postSolution
		SolutionGuid = {3F3B2AFE-6E30-40CA-979F-C8FC31C7B179}
	EndGlobalSection
EndGlobal
